
Microsoft Visual Studio Solution File, Format Version 12.00
# Visual Studio Version 17
VisualStudioVersion = 17.8.34330.188
MinimumVisualStudioVersion = 10.0.40219.1
Project("{FAE04EC0-301F-11D3-BF4B-00C04F79EFBC}") = "ManagementSchool", "ManagementSchool.csproj", "{DD7DAACD-3F98-4D77-BB31-8A428AC876CD}"
EndProject
Global
	GlobalSection(SolutionConfigurationPlatforms) = preSolution
		Debug|Any CPU = Debug|Any CPU
		Release|Any CPU = Release|Any CPU
	EndGlobalSection
	GlobalSection(ProjectConfigurationPlatforms) = postSolution
		{DD7DAACD-3F98-4D77-BB31-8A428AC876CD}.Debug|Any CPU.ActiveCfg = Debug|Any CPU
		{DD7DAACD-3F98-4D77-BB31-8A428AC876CD}.Debug|Any CPU.Build.0 = Debug|Any CPU
		{DD7DAACD-3F98-4D77-BB31-8A428AC876CD}.Release|Any CPU.ActiveCfg = Release|Any CPU
		{DD7DAACD-3F98-4D77-BB31-8A428AC876CD}.Release|Any CPU.Build.0 = Release|Any CPU
	EndGlobalSection
	GlobalSection(SolutionProperties) = preSolution
		HideSolutionNode = FALSE
	EndGlobalSection
	GlobalSection(ExtensibilityGlobals) = postSolution
		SolutionGuid = {431C8294-BD92-4925-A400-B95B5BE9485A}
	EndGlobalSection
EndGlobal
